
Microsoft Visual Studio Solution File, Format Version 12.00
# Visual Studio 15
VisualStudioVersion = 15.0.28307.106
MinimumVisualStudioVersion = 10.0.40219.1
Project("{FAE04EC0-301F-11D3-BF4B-00C04F79EFBC}") = "Mirror", "Mirror\Mirror.csproj", "{CCCA1A77-B2E2-4AE2-AEB0-433E57608897}"
EndProject
Global
	GlobalSection(SolutionConfigurationPlatforms) = preSolution
		Debug|Any CPU = Debug|Any CPU
		Release|Any CPU = Release|Any CPU
	EndGlobalSection
	GlobalSection(ProjectConfigurationPlatforms) = postSolution
		{CCCA1A77-B2E2-4AE2-AEB0-433E57608897}.Debug|Any CPU.ActiveCfg = Debug|Any CPU
		{CCCA1A77-B2E2-4AE2-AEB0-433E57608897}.Debug|Any CPU.Build.0 = Debug|Any CPU
		{CCCA1A77-B2E2-4AE2-AEB0-433E57608897}.Release|Any CPU.ActiveCfg = Release|Any CPU
		{CCCA1A77-B2E2-4AE2-AEB0-433E57608897}.Release|Any CPU.Build.0 = Release|Any CPU
	EndGlobalSection
	GlobalSection(SolutionProperties) = preSolution
		HideSolutionNode = FALSE
	EndGlobalSection
	GlobalSection(ExtensibilityGlobals) = postSolution
		SolutionGuid = {57D94E87-24FB-43AD-A736-2750ADA5199B}
	EndGlobalSection
EndGlobal
